
Microsoft Visual Studio Solution File, Format Version 12.00
# Visual Studio 2012
Project("{FAE04EC0-301F-11D3-BF4B-00C04F79EFBC}") = "code-smell", "code-smell\code-smell.csproj", "{9105B506-AC9D-452D-B08A-73445389138B}"
EndProject
Project("{FAE04EC0-301F-11D3-BF4B-00C04F79EFBC}") = "code-smell.UnitTests", "code-smell.UnitTests\code-smell.UnitTests.csproj", "{8A5D0D7F-DA55-4F52-A6F6-3A4D35DA61B2}"
EndProject
Global
	GlobalSection(SolutionConfigurationPlatforms) = preSolution
		Debug|Any CPU = Debug|Any CPU
		Release|Any CPU = Release|Any CPU
	EndGlobalSection
	GlobalSection(ProjectConfigurationPlatforms) = postSolution
		{9105B506-AC9D-452D-B08A-73445389138B}.Debug|Any CPU.ActiveCfg = Debug|Any CPU
		{9105B506-AC9D-452D-B08A-73445389138B}.Debug|Any CPU.Build.0 = Debug|Any CPU
		{9105B506-AC9D-452D-B08A-73445389138B}.Release|Any CPU.ActiveCfg = Release|Any CPU
		{9105B506-AC9D-452D-B08A-73445389138B}.Release|Any CPU.Build.0 = Release|Any CPU
		{8A5D0D7F-DA55-4F52-A6F6-3A4D35DA61B2}.Debug|Any CPU.ActiveCfg = Debug|Any CPU
		{8A5D0D7F-DA55-4F52-A6F6-3A4D35DA61B2}.Debug|Any CPU.Build.0 = Debug|Any CPU
		{8A5D0D7F-DA55-4F52-A6F6-3A4D35DA61B2}.Release|Any CPU.ActiveCfg = Release|Any CPU
		{8A5D0D7F-DA55-4F52-A6F6-3A4D35DA61B2}.Release|Any CPU.Build.0 = Release|Any CPU
	EndGlobalSection
	GlobalSection(SolutionProperties) = preSolution
		HideSolutionNode = FALSE
	EndGlobalSection
EndGlobal
